// !$*UTF8*$!
{
	archiveVersion = 1;
	classes = {
	};
	objectVersion = 56;
	objects = {

/* Begin PBXBuildFile section */
		F14136C129153F8C00BA908F /* LandmarksApp.swift in Sources */ = {isa = PBXBuildFile; fileRef = F14136C029153F8C00BA908F /* LandmarksApp.swift */; };
		F14136C329153F8C00BA908F /* ContentView.swift in Sources */ = {isa = PBXBuildFile; fileRef = F14136C229153F8C00BA908F /* ContentView.swift */; };
		F14136C529153F8D00BA908F /* Assets.xcassets in Resources */ = {isa = PBXBuildFile; fileRef = F14136C429153F8D00BA908F /* Assets.xcassets */; };
		F14136C829153F8D00BA908F /* Preview Assets.xcassets in Resources */ = {isa = PBXBuildFile; fileRef = F14136C729153F8D00BA908F /* Preview Assets.xcassets */; };
		F14136D229153F8D00BA908F /* LandmarksTests.swift in Sources */ = {isa = PBXBuildFile; fileRef = F14136D129153F8D00BA908F /* LandmarksTests.swift */; };
		F14136DC29153F8D00BA908F /* LandmarksUITests.swift in Sources */ = {isa = PBXBuildFile; fileRef = F14136DB29153F8D00BA908F /* LandmarksUITests.swift */; };
		F14136DE29153F8D00BA908F /* LandmarksUITestsLaunchTests.swift in Sources */ = {isa = PBXBuildFile; fileRef = F14136DD29153F8D00BA908F /* LandmarksUITestsLaunchTests.swift */; };
		F14136EB2915488D00BA908F /* CircleImage.swift in Sources */ = {isa = PBXBuildFile; fileRef = F14136EA2915488D00BA908F /* CircleImage.swift */; };
		F14136ED2915492800BA908F /* MapView.swift in Sources */ = {isa = PBXBuildFile; fileRef = F14136EC2915492800BA908F /* MapView.swift */; };
		F169AB50291554F4008914D9 /* landmarkData.json in Resources */ = {isa = PBXBuildFile; fileRef = F169AB4F291554F4008914D9 /* landmarkData.json */; };
		F169AB5229155568008914D9 /* Landmark.swift in Sources */ = {isa = PBXBuildFile; fileRef = F169AB5129155568008914D9 /* Landmark.swift */; };
		F169AB6A29155886008914D9 /* ModelData.swift in Sources */ = {isa = PBXBuildFile; fileRef = F169AB6929155886008914D9 /* ModelData.swift */; };
		F169AB6F29156080008914D9 /* LandmarkRow.swift in Sources */ = {isa = PBXBuildFile; fileRef = F169AB6E29156080008914D9 /* LandmarkRow.swift */; };
		F169AB712915683F008914D9 /* LandmarkList.swift in Sources */ = {isa = PBXBuildFile; fileRef = F169AB702915683F008914D9 /* LandmarkList.swift */; };
		F1795C9829199F7A00BE1B7C /* LandmarkDetail.swift in Sources */ = {isa = PBXBuildFile; fileRef = F1795C9729199F7A00BE1B7C /* LandmarkDetail.swift */; };
/* End PBXBuildFile section */

/* Begin PBXContainerItemProxy section */
		F14136CE29153F8D00BA908F /* PBXContainerItemProxy */ = {
			isa = PBXContainerItemProxy;
			containerPortal = F14136B529153F8C00BA908F /* Project object */;
			proxyType = 1;
			remoteGlobalIDString = F14136BC29153F8C00BA908F;
			remoteInfo = Landmarks;
		};
		F14136D829153F8D00BA908F /* PBXContainerItemProxy */ = {
			isa = PBXContainerItemProxy;
			containerPortal = F14136B529153F8C00BA908F /* Project object */;
			proxyType = 1;
			remoteGlobalIDString = F14136BC29153F8C00BA908F;
			remoteInfo = Landmarks;
		};
/* End PBXContainerItemProxy section */

/* Begin PBXFileReference section */
		F14136BD29153F8C00BA908F /* Landmarks.app */ = {isa = PBXFileReference; explicitFileType = wrapper.application; includeInIndex = 0; path = Landmarks.app; sourceTree = BUILT_PRODUCTS_DIR; };
		F14136C029153F8C00BA908F /* LandmarksApp.swift */ = {isa = PBXFileReference; lastKnownFileType = sourcecode.swift; path = LandmarksApp.swift; sourceTree = "<group>"; };
		F14136C229153F8C00BA908F /* ContentView.swift */ = {isa = PBXFileReference; lastKnownFileType = sourcecode.swift; path = ContentView.swift; sourceTree = "<group>"; };
		F14136C429153F8D00BA908F /* Assets.xcassets */ = {isa = PBXFileReference; lastKnownFileType = folder.assetcatalog; path = Assets.xcassets; sourceTree = "<group>"; };
		F14136C729153F8D00BA908F /* Preview Assets.xcassets */ = {isa = PBXFileReference; lastKnownFileType = folder.assetcatalog; path = "Preview Assets.xcassets"; sourceTree = "<group>"; };
		F14136CD29153F8D00BA908F /* LandmarksTests.xctest */ = {isa = PBXFileReference; explicitFileType = wrapper.cfbundle; includeInIndex = 0; path = LandmarksTests.xctest; sourceTree = BUILT_PRODUCTS_DIR; };
		F14136D129153F8D00BA908F /* LandmarksTests.swift */ = {isa = PBXFileReference; lastKnownFileType = sourcecode.swift; path = LandmarksTests.swift; sourceTree = "<group>"; };
		F14136D729153F8D00BA908F /* LandmarksUITests.xctest */ = {isa = PBXFileReference; explicitFileType = wrapper.cfbundle; includeInIndex = 0; path = LandmarksUITests.xctest; sourceTree = BUILT_PRODUCTS_DIR; };
		F14136DB29153F8D00BA908F /* LandmarksUITests.swift */ = {isa = PBXFileReference; lastKnownFileType = sourcecode.swift; path = LandmarksUITests.swift; sourceTree = "<group>"; };
		F14136DD29153F8D00BA908F /* LandmarksUITestsLaunchTests.swift */ = {isa = PBXFileReference; lastKnownFileType = sourcecode.swift; path = LandmarksUITestsLaunchTests.swift; sourceTree = "<group>"; };
		F14136EA2915488D00BA908F /* CircleImage.swift */ = {isa = PBXFileReference; lastKnownFileType = sourcecode.swift; path = CircleImage.swift; sourceTree = "<group>"; };
		F14136EC2915492800BA908F /* MapView.swift */ = {isa = PBXFileReference; lastKnownFileType = sourcecode.swift; path = MapView.swift; sourceTree = "<group>"; };
		F169AB4F291554F4008914D9 /* landmarkData.json */ = {isa = PBXFileReference; fileEncoding = 4; lastKnownFileType = text.json; path = landmarkData.json; sourceTree = "<group>"; };
		F169AB5129155568008914D9 /* Landmark.swift */ = {isa = PBXFileReference; lastKnownFileType = sourcecode.swift; path = Landmark.swift; sourceTree = "<group>"; };
		F169AB6929155886008914D9 /* ModelData.swift */ = {isa = PBXFileReference; lastKnownFileType = sourcecode.swift; path = ModelData.swift; sourceTree = "<group>"; };
		F169AB6E29156080008914D9 /* LandmarkRow.swift */ = {isa = PBXFileReference; lastKnownFileType = sourcecode.swift; path = LandmarkRow.swift; sourceTree = "<group>"; };
		F169AB702915683F008914D9 /* LandmarkList.swift */ = {isa = PBXFileReference; lastKnownFileType = sourcecode.swift; path = LandmarkList.swift; sourceTree = "<group>"; };
		F1795C9729199F7A00BE1B7C /* LandmarkDetail.swift */ = {isa = PBXFileReference; lastKnownFileType = sourcecode.swift; path = LandmarkDetail.swift; sourceTree = "<group>"; };
/* End PBXFileReference section */

/* Begin PBXFrameworksBuildPhase section */
		F14136BA29153F8C00BA908F /* Frameworks */ = {
			isa = PBXFrameworksBuildPhase;
			buildActionMask = 2147483647;
			files = (
			);
			runOnlyForDeploymentPostprocessing = 0;
		};
		F14136CA29153F8D00BA908F /* Frameworks */ = {
			isa = PBXFrameworksBuildPhase;
			buildActionMask = 2147483647;
			files = (
			);
			runOnlyForDeploymentPostprocessing = 0;
		};
		F14136D429153F8D00BA908F /* Frameworks */ = {
			isa = PBXFrameworksBuildPhase;
			buildActionMask = 2147483647;
			files = (
			);
			runOnlyForDeploymentPostprocessing = 0;
		};
/* End PBXFrameworksBuildPhase section */

/* Begin PBXGroup section */
		F14136B429153F8C00BA908F = {
			isa = PBXGroup;
			children = (
				F14136BF29153F8C00BA908F /* Landmarks */,
				F14136D029153F8D00BA908F /* LandmarksTests */,
				F14136DA29153F8D00BA908F /* LandmarksUITests */,
				F14136BE29153F8C00BA908F /* Products */,
			);
			sourceTree = "<group>";
		};
		F14136BE29153F8C00BA908F /* Products */ = {
			isa = PBXGroup;
			children = (
				F14136BD29153F8C00BA908F /* Landmarks.app */,
				F14136CD29153F8D00BA908F /* LandmarksTests.xctest */,
				F14136D729153F8D00BA908F /* LandmarksUITests.xctest */,
			);
			name = Products;
			sourceTree = "<group>";
		};
		F14136BF29153F8C00BA908F /* Landmarks */ = {
			isa = PBXGroup;
			children = (
				F169AB6D29155ACF008914D9 /* Resources */,
				F169AB6C29155AAF008914D9 /* Model */,
				F169AB6B29155A9F008914D9 /* Views */,
				F14136C029153F8C00BA908F /* LandmarksApp.swift */,
				F14136C429153F8D00BA908F /* Assets.xcassets */,
				F14136C629153F8D00BA908F /* Preview Content */,
			);
			path = Landmarks;
			sourceTree = "<group>";
		};
		F14136C629153F8D00BA908F /* Preview Content */ = {
			isa = PBXGroup;
			children = (
				F14136C729153F8D00BA908F /* Preview Assets.xcassets */,
			);
			path = "Preview Content";
			sourceTree = "<group>";
		};
		F14136D029153F8D00BA908F /* LandmarksTests */ = {
			isa = PBXGroup;
			children = (
				F14136D129153F8D00BA908F /* LandmarksTests.swift */,
			);
			path = LandmarksTests;
			sourceTree = "<group>";
		};
		F14136DA29153F8D00BA908F /* LandmarksUITests */ = {
			isa = PBXGroup;
			children = (
				F14136DB29153F8D00BA908F /* LandmarksUITests.swift */,
				F14136DD29153F8D00BA908F /* LandmarksUITestsLaunchTests.swift */,
			);
			path = LandmarksUITests;
			sourceTree = "<group>";
		};
		F169AB6B29155A9F008914D9 /* Views */ = {
			isa = PBXGroup;
			children = (
				F14136EC2915492800BA908F /* MapView.swift */,
				F14136EA2915488D00BA908F /* CircleImage.swift */,
				F14136C229153F8C00BA908F /* ContentView.swift */,
				F169AB6E29156080008914D9 /* LandmarkRow.swift */,
				F1795C9729199F7A00BE1B7C /* LandmarkDetail.swift */,
				F169AB702915683F008914D9 /* LandmarkList.swift */,
			);
			path = Views;
			sourceTree = "<group>";
		};
		F169AB6C29155AAF008914D9 /* Model */ = {
			isa = PBXGroup;
			children = (
				F169AB5129155568008914D9 /* Landmark.swift */,
				F169AB6929155886008914D9 /* ModelData.swift */,
			);
			path = Model;
			sourceTree = "<group>";
		};
		F169AB6D29155ACF008914D9 /* Resources */ = {
			isa = PBXGroup;
			children = (
				F169AB4F291554F4008914D9 /* landmarkData.json */,
			);
			path = Resources;
			sourceTree = "<group>";
		};
/* End PBXGroup section */

/* Begin PBXNativeTarget section */
		F14136BC29153F8C00BA908F /* Landmarks */ = {
			isa = PBXNativeTarget;
			buildConfigurationList = F14136E129153F8D00BA908F /* Build configuration list for PBXNativeTarget "Landmarks" */;
			buildPhases = (
				F14136B929153F8C00BA908F /* Sources */,
				F14136BA29153F8C00BA908F /* Frameworks */,
				F14136BB29153F8C00BA908F /* Resources */,
			);
			buildRules = (
			);
			dependencies = (
			);
			name = Landmarks;
			productName = Landmarks;
			productReference = F14136BD29153F8C00BA908F /* Landmarks.app */;
			productType = "com.apple.product-type.application";
		};
		F14136CC29153F8D00BA908F /* LandmarksTests */ = {
			isa = PBXNativeTarget;
			buildConfigurationList = F14136E429153F8D00BA908F /* Build configuration list for PBXNativeTarget "LandmarksTests" */;
			buildPhases = (
				F14136C929153F8D00BA908F /* Sources */,
				F14136CA29153F8D00BA908F /* Frameworks */,
				F14136CB29153F8D00BA908F /* Resources */,
			);
			buildRules = (
			);
			dependencies = (
				F14136CF29153F8D00BA908F /* PBXTargetDependency */,
			);
			name = LandmarksTests;
			productName = LandmarksTests;
			productReference = F14136CD29153F8D00BA908F /* LandmarksTests.xctest */;
			productType = "com.apple.product-type.bundle.unit-test";
		};
		F14136D629153F8D00BA908F /* LandmarksUITests */ = {
			isa = PBXNativeTarget;
			buildConfigurationList = F14136E729153F8D00BA908F /* Build configuration list for PBXNativeTarget "LandmarksUITests" */;
			buildPhases = (
				F14136D329153F8D00BA908F /* Sources */,
				F14136D429153F8D00BA908F /* Frameworks */,
				F14136D529153F8D00BA908F /* Resources */,
			);
			buildRules = (
			);
			dependencies = (
				F14136D929153F8D00BA908F /* PBXTargetDependency */,
			);
			name = LandmarksUITests;
			productName = LandmarksUITests;
			productReference = F14136D729153F8D00BA908F /* LandmarksUITests.xctest */;
			productType = "com.apple.product-type.bundle.ui-testing";
		};
/* End PBXNativeTarget section */

/* Begin PBXProject section */
		F14136B529153F8C00BA908F /* Project object */ = {
			isa = PBXProject;
			attributes = {
				BuildIndependentTargetsInParallel = 1;
				LastSwiftUpdateCheck = 1410;
				LastUpgradeCheck = 1410;
				TargetAttributes = {
					F14136BC29153F8C00BA908F = {
						CreatedOnToolsVersion = 14.1;
					};
					F14136CC29153F8D00BA908F = {
						CreatedOnToolsVersion = 14.1;
						TestTargetID = F14136BC29153F8C00BA908F;
					};
					F14136D629153F8D00BA908F = {
						CreatedOnToolsVersion = 14.1;
						TestTargetID = F14136BC29153F8C00BA908F;
					};
				};
			};
			buildConfigurationList = F14136B829153F8C00BA908F /* Build configuration list for PBXProject "Landmarks" */;
			compatibilityVersion = "Xcode 14.0";
			developmentRegion = en;
			hasScannedForEncodings = 0;
			knownRegions = (
				en,
				Base,
			);
			mainGroup = F14136B429153F8C00BA908F;
			productRefGroup = F14136BE29153F8C00BA908F /* Products */;
			projectDirPath = "";
			projectRoot = "";
			targets = (
				F14136BC29153F8C00BA908F /* Landmarks */,
				F14136CC29153F8D00BA908F /* LandmarksTests */,
				F14136D629153F8D00BA908F /* LandmarksUITests */,
			);
		};
/* End PBXProject section */

/* Begin PBXResourcesBuildPhase section */
		F14136BB29153F8C00BA908F /* Resources */ = {
			isa = PBXResourcesBuildPhase;
			buildActionMask = 2147483647;
			files = (
				F14136C829153F8D00BA908F /* Preview Assets.xcassets in Resources */,
				F14136C529153F8D00BA908F /* Assets.xcassets in Resources */,
				F169AB50291554F4008914D9 /* landmarkData.json in Resources */,
			);
			runOnlyForDeploymentPostprocessing = 0;
		};
		F14136CB29153F8D00BA908F /* Resources */ = {
			isa = PBXResourcesBuildPhase;
			buildActionMask = 2147483647;
			files = (
			);
			runOnlyForDeploymentPostprocessing = 0;
		};
		F14136D529153F8D00BA908F /* Resources */ = {
			isa = PBXResourcesBuildPhase;
			buildActionMask = 2147483647;
			files = (
			);
			runOnlyForDeploymentPostprocessing = 0;
		};
/* End PBXResourcesBuildPhase section */

/* Begin PBXSourcesBuildPhase section */
		F14136B929153F8C00BA908F /* Sources */ = {
			isa = PBXSourcesBuildPhase;
			buildActionMask = 2147483647;
			files = (
				F14136C329153F8C00BA908F /* ContentView.swift in Sources */,
				F14136ED2915492800BA908F /* MapView.swift in Sources */,
				F14136C129153F8C00BA908F /* LandmarksApp.swift in Sources */,
				F169AB712915683F008914D9 /* LandmarkList.swift in Sources */,
				F1795C9829199F7A00BE1B7C /* LandmarkDetail.swift in Sources */,
				F14136EB2915488D00BA908F /* CircleImage.swift in Sources */,
				F169AB5229155568008914D9 /* Landmark.swift in Sources */,
				F169AB6F29156080008914D9 /* LandmarkRow.swift in Sources */,
				F169AB6A29155886008914D9 /* ModelData.swift in Sources */,
			);
			runOnlyForDeploymentPostprocessing = 0;
		};
		F14136C929153F8D00BA908F /* Sources */ = {
			isa = PBXSourcesBuildPhase;
			buildActionMask = 2147483647;
			files = (
				F14136D229153F8D00BA908F /* LandmarksTests.swift in Sources */,
			);
			runOnlyForDeploymentPostprocessing = 0;
		};
		F14136D329153F8D00BA908F /* Sources */ = {
			isa = PBXSourcesBuildPhase;
			buildActionMask = 2147483647;
			files = (
				F14136DE29153F8D00BA908F /* LandmarksUITestsLaunchTests.swift in Sources */,
				F14136DC29153F8D00BA908F /* LandmarksUITests.swift in Sources */,
			);
			runOnlyForDeploymentPostprocessing = 0;
		};
/* End PBXSourcesBuildPhase section */

/* Begin PBXTargetDependency section */
		F14136CF29153F8D00BA908F /* PBXTargetDependency */ = {
			isa = PBXTargetDependency;
			target = F14136BC29153F8C00BA908F /* Landmarks */;
			targetProxy = F14136CE29153F8D00BA908F /* PBXContainerItemProxy */;
		};
		F14136D929153F8D00BA908F /* PBXTargetDependency */ = {
			isa = PBXTargetDependency;
			target = F14136BC29153F8C00BA908F /* Landmarks */;
			targetProxy = F14136D829153F8D00BA908F /* PBXContainerItemProxy */;
		};
/* End PBXTargetDependency section */

/* Begin XCBuildConfiguration section */
		F14136DF29153F8D00BA908F /* Debug */ = {
			isa = XCBuildConfiguration;
			buildSettings = {
				ALWAYS_SEARCH_USER_PATHS = NO;
				CLANG_ANALYZER_NONNULL = YES;
				CLANG_ANALYZER_NUMBER_OBJECT_CONVERSION = YES_AGGRESSIVE;
				CLANG_CXX_LANGUAGE_STANDARD = "gnu++20";
				CLANG_ENABLE_MODULES = YES;
				CLANG_ENABLE_OBJC_ARC = YES;
				CLANG_ENABLE_OBJC_WEAK = YES;
				CLANG_WARN_BLOCK_CAPTURE_AUTORELEASING = YES;
				CLANG_WARN_BOOL_CONVERSION = YES;
				CLANG_WARN_COMMA = YES;
				CLANG_WARN_CONSTANT_CONVERSION = YES;
				CLANG_WARN_DEPRECATED_OBJC_IMPLEMENTATIONS = YES;
				CLANG_WARN_DIRECT_OBJC_ISA_USAGE = YES_ERROR;
				CLANG_WARN_DOCUMENTATION_COMMENTS = YES;
				CLANG_WARN_EMPTY_BODY = YES;
				CLANG_WARN_ENUM_CONVERSION = YES;
				CLANG_WARN_INFINITE_RECURSION = YES;
				CLANG_WARN_INT_CONVERSION = YES;
				CLANG_WARN_NON_LITERAL_NULL_CONVERSION = YES;
				CLANG_WARN_OBJC_IMPLICIT_RETAIN_SELF = YES;
				CLANG_WARN_OBJC_LITERAL_CONVERSION = YES;
				CLANG_WARN_OBJC_ROOT_CLASS = YES_ERROR;
				CLANG_WARN_QUOTED_INCLUDE_IN_FRAMEWORK_HEADER = YES;
				CLANG_WARN_RANGE_LOOP_ANALYSIS = YES;
				CLANG_WARN_STRICT_PROTOTYPES = YES;
				CLANG_WARN_SUSPICIOUS_MOVE = YES;
				CLANG_WARN_UNGUARDED_AVAILABILITY = YES_AGGRESSIVE;
				CLANG_WARN_UNREACHABLE_CODE = YES;
				CLANG_WARN__DUPLICATE_METHOD_MATCH = YES;
				COPY_PHASE_STRIP = NO;
				DEBUG_INFORMATION_FORMAT = dwarf;
				ENABLE_STRICT_OBJC_MSGSEND = YES;
				ENABLE_TESTABILITY = YES;
				GCC_C_LANGUAGE_STANDARD = gnu11;
				GCC_DYNAMIC_NO_PIC = NO;
				GCC_NO_COMMON_BLOCKS = YES;
				GCC_OPTIMIZATION_LEVEL = 0;
				GCC_PREPROCESSOR_DEFINITIONS = (
					"DEBUG=1",
					"$(inherited)",
				);
				GCC_WARN_64_TO_32_BIT_CONVERSION = YES;
				GCC_WARN_ABOUT_RETURN_TYPE = YES_ERROR;
				GCC_WARN_UNDECLARED_SELECTOR = YES;
				GCC_WARN_UNINITIALIZED_AUTOS = YES_AGGRESSIVE;
				GCC_WARN_UNUSED_FUNCTION = YES;
				GCC_WARN_UNUSED_VARIABLE = YES;
				IPHONEOS_DEPLOYMENT_TARGET = 16.1;
				MTL_ENABLE_DEBUG_INFO = INCLUDE_SOURCE;
				MTL_FAST_MATH = YES;
				ONLY_ACTIVE_ARCH = YES;
				SDKROOT = iphoneos;
				SWIFT_ACTIVE_COMPILATION_CONDITIONS = DEBUG;
				SWIFT_OPTIMIZATION_LEVEL = "-Onone";
			};
			name = Debug;
		};
		F14136E029153F8D00BA908F /* Release */ = {
			isa = XCBuildConfiguration;
			buildSettings = {
				ALWAYS_SEARCH_USER_PATHS = NO;
				CLANG_ANALYZER_NONNULL = YES;
				CLANG_ANALYZER_NUMBER_OBJECT_CONVERSION = YES_AGGRESSIVE;
				CLANG_CXX_LANGUAGE_STANDARD = "gnu++20";
				CLANG_ENABLE_MODULES = YES;
				CLANG_ENABLE_OBJC_ARC = YES;
				CLANG_ENABLE_OBJC_WEAK = YES;
				CLANG_WARN_BLOCK_CAPTURE_AUTORELEASING = YES;
				CLANG_WARN_BOOL_CONVERSION = YES;
				CLANG_WARN_COMMA = YES;
				CLANG_WARN_CONSTANT_CONVERSION = YES;
				CLANG_WARN_DEPRECATED_OBJC_IMPLEMENTATIONS = YES;
				CLANG_WARN_DIRECT_OBJC_ISA_USAGE = YES_ERROR;
				CLANG_WARN_DOCUMENTATION_COMMENTS = YES;
				CLANG_WARN_EMPTY_BODY = YES;
				CLANG_WARN_ENUM_CONVERSION = YES;
				CLANG_WARN_INFINITE_RECURSION = YES;
				CLANG_WARN_INT_CONVERSION = YES;
				CLANG_WARN_NON_LITERAL_NULL_CONVERSION = YES;
				CLANG_WARN_OBJC_IMPLICIT_RETAIN_SELF = YES;
				CLANG_WARN_OBJC_LITERAL_CONVERSION = YES;
				CLANG_WARN_OBJC_ROOT_CLASS = YES_ERROR;
				CLANG_WARN_QUOTED_INCLUDE_IN_FRAMEWORK_HEADER = YES;
				CLANG_WARN_RANGE_LOOP_ANALYSIS = YES;
				CLANG_WARN_STRICT_PROTOTYPES = YES;
				CLANG_WARN_SUSPICIOUS_MOVE = YES;
				CLANG_WARN_UNGUARDED_AVAILABILITY = YES_AGGRESSIVE;
				CLANG_WARN_UNREACHABLE_CODE = YES;
				CLANG_WARN__DUPLICATE_METHOD_MATCH = YES;
				COPY_PHASE_STRIP = NO;
				DEBUG_INFORMATION_FORMAT = "dwarf-with-dsym";
				ENABLE_NS_ASSERTIONS = NO;
				ENABLE_STRICT_OBJC_MSGSEND = YES;
				GCC_C_LANGUAGE_STANDARD = gnu11;
				GCC_NO_COMMON_BLOCKS = YES;
				GCC_WARN_64_TO_32_BIT_CONVERSION = YES;
				GCC_WARN_ABOUT_RETURN_TYPE = YES_ERROR;
				GCC_WARN_UNDECLARED_SELECTOR = YES;
				GCC_WARN_UNINITIALIZED_AUTOS = YES_AGGRESSIVE;
				GCC_WARN_UNUSED_FUNCTION = YES;
				GCC_WARN_UNUSED_VARIABLE = YES;
				IPHONEOS_DEPLOYMENT_TARGET = 16.1;
				MTL_ENABLE_DEBUG_INFO = NO;
				MTL_FAST_MATH = YES;
				SDKROOT = iphoneos;
				SWIFT_COMPILATION_MODE = wholemodule;
				SWIFT_OPTIMIZATION_LEVEL = "-O";
				VALIDATE_PRODUCT = YES;
			};
			name = Release;
		};
		F14136E229153F8D00BA908F /* Debug */ = {
			isa = XCBuildConfiguration;
			buildSettings = {
				ASSETCATALOG_COMPILER_APPICON_NAME = AppIcon;
				ASSETCATALOG_COMPILER_GLOBAL_ACCENT_COLOR_NAME = AccentColor;
				CODE_SIGN_STYLE = Automatic;
				CURRENT_PROJECT_VERSION = 1;
				DEVELOPMENT_ASSET_PATHS = "\"Landmarks/Preview Content\"";
				ENABLE_PREVIEWS = YES;
				GENERATE_INFOPLIST_FILE = YES;
				INFOPLIST_KEY_UIApplicationSceneManifest_Generation = YES;
				INFOPLIST_KEY_UIApplicationSupportsIndirectInputEvents = YES;
				INFOPLIST_KEY_UILaunchScreen_Generation = YES;
				INFOPLIST_KEY_UISupportedInterfaceOrientations_iPad = "UIInterfaceOrientationPortrait UIInterfaceOrientationPortraitUpsideDown UIInterfaceOrientationLandscapeLeft UIInterfaceOrientationLandscapeRight";
				INFOPLIST_KEY_UISupportedInterfaceOrientations_iPhone = "UIInterfaceOrientationPortrait UIInterfaceOrientationLandscapeLeft UIInterfaceOrientationLandscapeRight";
				LD_RUNPATH_SEARCH_PATHS = (
					"$(inherited)",
					"@executable_path/Frameworks",
				);
				MARKETING_VERSION = 1.0;
				PRODUCT_BUNDLE_IDENTIFIER = me.tiagotquelim.Landmarks;
				PRODUCT_NAME = "$(TARGET_NAME)";
				SWIFT_EMIT_LOC_STRINGS = YES;
				SWIFT_VERSION = 5.0;
				TARGETED_DEVICE_FAMILY = "1,2";
			};
			name = Debug;
		};
		F14136E329153F8D00BA908F /* Release */ = {
			isa = XCBuildConfiguration;
			buildSettings = {
				ASSETCATALOG_COMPILER_APPICON_NAME = AppIcon;
				ASSETCATALOG_COMPILER_GLOBAL_ACCENT_COLOR_NAME = AccentColor;
				CODE_SIGN_STYLE = Automatic;
				CURRENT_PROJECT_VERSION = 1;
				DEVELOPMENT_ASSET_PATHS = "\"Landmarks/Preview Content\"";
				ENABLE_PREVIEWS = YES;
				GENERATE_INFOPLIST_FILE = YES;
				INFOPLIST_KEY_UIApplicationSceneManifest_Generation = YES;
				INFOPLIST_KEY_UIApplicationSupportsIndirectInputEvents = YES;
				INFOPLIST_KEY_UILaunchScreen_Generation = YES;
				INFOPLIST_KEY_UISupportedInterfaceOrientations_iPad = "UIInterfaceOrientationPortrait UIInterfaceOrientationPortraitUpsideDown UIInterfaceOrientationLandscapeLeft UIInterfaceOrientationLandscapeRight";
				INFOPLIST_KEY_UISupportedInterfaceOrientations_iPhone = "UIInterfaceOrientationPortrait UIInterfaceOrientationLandscapeLeft UIInterfaceOrientationLandscapeRight";
				LD_RUNPATH_SEARCH_PATHS = (
					"$(inherited)",
					"@executable_path/Frameworks",
				);
				MARKETING_VERSION = 1.0;
				PRODUCT_BUNDLE_IDENTIFIER = me.tiagotquelim.Landmarks;
				PRODUCT_NAME = "$(TARGET_NAME)";
				SWIFT_EMIT_LOC_STRINGS = YES;
				SWIFT_VERSION = 5.0;
				TARGETED_DEVICE_FAMILY = "1,2";
			};
			name = Release;
		};
		F14136E529153F8D00BA908F /* Debug */ = {
			isa = XCBuildConfiguration;
			buildSettings = {
				ALWAYS_EMBED_SWIFT_STANDARD_LIBRARIES = YES;
				BUNDLE_LOADER = "$(TEST_HOST)";
				CODE_SIGN_STYLE = Automatic;
				CURRENT_PROJECT_VERSION = 1;
				GENERATE_INFOPLIST_FILE = YES;
				IPHONEOS_DEPLOYMENT_TARGET = 16.1;
				MARKETING_VERSION = 1.0;
				PRODUCT_BUNDLE_IDENTIFIER = me.tiagotquelim.LandmarksTests;
				PRODUCT_NAME = "$(TARGET_NAME)";
				SWIFT_EMIT_LOC_STRINGS = NO;
				SWIFT_VERSION = 5.0;
				TARGETED_DEVICE_FAMILY = "1,2";
				TEST_HOST = "$(BUILT_PRODUCTS_DIR)/Landmarks.app/$(BUNDLE_EXECUTABLE_FOLDER_PATH)/Landmarks";
			};
			name = Debug;
		};
		F14136E629153F8D00BA908F /* Release */ = {
			isa = XCBuildConfiguration;
			buildSettings = {
				ALWAYS_EMBED_SWIFT_STANDARD_LIBRARIES = YES;
				BUNDLE_LOADER = "$(TEST_HOST)";
				CODE_SIGN_STYLE = Automatic;
				CURRENT_PROJECT_VERSION = 1;
				GENERATE_INFOPLIST_FILE = YES;
				IPHONEOS_DEPLOYMENT_TARGET = 16.1;
				MARKETING_VERSION = 1.0;
				PRODUCT_BUNDLE_IDENTIFIER = me.tiagotquelim.LandmarksTests;
				PRODUCT_NAME = "$(TARGET_NAME)";
				SWIFT_EMIT_LOC_STRINGS = NO;
				SWIFT_VERSION = 5.0;
				TARGETED_DEVICE_FAMILY = "1,2";
				TEST_HOST = "$(BUILT_PRODUCTS_DIR)/Landmarks.app/$(BUNDLE_EXECUTABLE_FOLDER_PATH)/Landmarks";
			};
			name = Release;
		};
		F14136E829153F8D00BA908F /* Debug */ = {
			isa = XCBuildConfiguration;
			buildSettings = {
				ALWAYS_EMBED_SWIFT_STANDARD_LIBRARIES = YES;
				CODE_SIGN_STYLE = Automatic;
				CURRENT_PROJECT_VERSION = 1;
				GENERATE_INFOPLIST_FILE = YES;
				MARKETING_VERSION = 1.0;
				PRODUCT_BUNDLE_IDENTIFIER = me.tiagotquelim.LandmarksUITests;
				PRODUCT_NAME = "$(TARGET_NAME)";
				SWIFT_EMIT_LOC_STRINGS = NO;
				SWIFT_VERSION = 5.0;
				TARGETED_DEVICE_FAMILY = "1,2";
				TEST_TARGET_NAME = Landmarks;
			};
			name = Debug;
		};
		F14136E929153F8D00BA908F /* Release */ = {
			isa = XCBuildConfiguration;
			buildSettings = {
				ALWAYS_EMBED_SWIFT_STANDARD_LIBRARIES = YES;
				CODE_SIGN_STYLE = Automatic;
				CURRENT_PROJECT_VERSION = 1;
				GENERATE_INFOPLIST_FILE = YES;
				MARKETING_VERSION = 1.0;
				PRODUCT_BUNDLE_IDENTIFIER = me.tiagotquelim.LandmarksUITests;
				PRODUCT_NAME = "$(TARGET_NAME)";
				SWIFT_EMIT_LOC_STRINGS = NO;
				SWIFT_VERSION = 5.0;
				TARGETED_DEVICE_FAMILY = "1,2";
				TEST_TARGET_NAME = Landmarks;
			};
			name = Release;
		};
/* End XCBuildConfiguration section */

/* Begin XCConfigurationList section */
		F14136B829153F8C00BA908F /* Build configuration list for PBXProject "Landmarks" */ = {
			isa = XCConfigurationList;
			buildConfigurations = (
				F14136DF29153F8D00BA908F /* Debug */,
				F14136E029153F8D00BA908F /* Release */,
			);
			defaultConfigurationIsVisible = 0;
			defaultConfigurationName = Release;
		};
		F14136E129153F8D00BA908F /* Build configuration list for PBXNativeTarget "Landmarks" */ = {
			isa = XCConfigurationList;
			buildConfigurations = (
				F14136E229153F8D00BA908F /* Debug */,
				F14136E329153F8D00BA908F /* Release */,
			);
			defaultConfigurationIsVisible = 0;
			defaultConfigurationName = Release;
		};
		F14136E429153F8D00BA908F /* Build configuration list for PBXNativeTarget "LandmarksTests" */ = {
			isa = XCConfigurationList;
			buildConfigurations = (
				F14136E529153F8D00BA908F /* Debug */,
				F14136E629153F8D00BA908F /* Release */,
			);
			defaultConfigurationIsVisible = 0;
			defaultConfigurationName = Release;
		};
		F14136E729153F8D00BA908F /* Build configuration list for PBXNativeTarget "LandmarksUITests" */ = {
			isa = XCConfigurationList;
			buildConfigurations = (
				F14136E829153F8D00BA908F /* Debug */,
				F14136E929153F8D00BA908F /* Release */,
			);
			defaultConfigurationIsVisible = 0;
			defaultConfigurationName = Release;
		};
/* End XCConfigurationList section */
	};
	rootObject = F14136B529153F8C00BA908F /* Project object */;
}
